PODS:
  - Kingfisher (3.2.4)
  - Quintype (0.0.7)
  - Toucan (0.6.0)
  - XLPagerTabStrip (5.0.0)

DEPENDENCIES:
  - Kingfisher (~> 3.0)
  - Quintype (from `https://github.com/Albinzr/Quintype.git`, tag `0.0.30`)
  - Toucan (~> 0.6.0)
  - XLPagerTabStrip (from `https://github.com/KelvinJin/XLPagerTabStrip.git`, branch `swift3`)

EXTERNAL SOURCES:
  Quintype:
    :git: https://github.com/Albinzr/Quintype.git
    :tag: 0.0.30
  XLPagerTabStrip:
    :branch: swift3
    :git: https://github.com/KelvinJin/XLPagerTabStrip.git

CHECKOUT OPTIONS:
  Quintype:
    :git: https://github.com/Albinzr/Quintype.git
    :tag: 0.0.30
  XLPagerTabStrip:
    :commit: 99e3cbd5e6b99bb6b1fdf25f4af58fe2e38ad308
    :git: https://github.com/KelvinJin/XLPagerTabStrip.git

SPEC CHECKSUMS:
  Kingfisher: 8d80f39da403cd9c9ee11984e1655f4d6a566cdb
  Quintype: d451338e5157ae662aef0df15f40997c2ac7ab5d
  Toucan: 47485bbc9cb4541ef6318d6886103e6eaf16e919
  XLPagerTabStrip: 87b8b705f9a7178e76a063ffaa2d70045944a965

PODFILE CHECKSUM: a18cca76b6ee19fb586153cdfead8c5c4131a2a1

COCOAPODS: 1.1.1
