// !$*UTF8*$!
{
	archiveVersion = 1;
	classes = {
	};
	objectVersion = 46;
	objects = {

/* Begin PBXBuildFile section */
		5E0B86E65966E4B25EC07C8C /* Pods_DemoApp_iOS.framework in Frameworks */ = {isa = PBXBuildFile; fileRef = B1BC7C14D9EB48C0CF0C0D16 /* Pods_DemoApp_iOS.framework */; };
		611E7A881E15016D00966573 /* AppDelegate.swift in Sources */ = {isa = PBXBuildFile; fileRef = 611E7A871E15016D00966573 /* AppDelegate.swift */; };
		611E7A8A1E15016D00966573 /* InitialController.swift in Sources */ = {isa = PBXBuildFile; fileRef = 611E7A891E15016D00966573 /* InitialController.swift */; };
		611E7A921E15016D00966573 /* LaunchScreen.storyboard in Resources */ = {isa = PBXBuildFile; fileRef = 611E7A901E15016D00966573 /* LaunchScreen.storyboard */; };
		611E7AF21E150D4800966573 /* Assets.xcassets in Resources */ = {isa = PBXBuildFile; fileRef = 611E7A8E1E15016D00966573 /* Assets.xcassets */; };
		611E7B041E1A44B600966573 /* HtmlRender.swift in Sources */ = {isa = PBXBuildFile; fileRef = 611E7B031E1A44B600966573 /* HtmlRender.swift */; };
		616FF7F41E1CD7BB00D3807D /* CustomTabBarController.swift in Sources */ = {isa = PBXBuildFile; fileRef = 616FF7F31E1CD7BB00D3807D /* CustomTabBarController.swift */; };
		616FF8541E1D07A200D3807D /* Theme.swift in Sources */ = {isa = PBXBuildFile; fileRef = 616FF8531E1D07A200D3807D /* Theme.swift */; };
		616FF8711E1D0A2400D3807D /* HomeController.swift in Sources */ = {isa = PBXBuildFile; fileRef = 61CB32921E1BAFE10051790F /* HomeController.swift */; };
		616FF8731E1D0A2400D3807D /* CustomTabBarController.swift in Sources */ = {isa = PBXBuildFile; fileRef = 616FF7F31E1CD7BB00D3807D /* CustomTabBarController.swift */; };
		616FF8741E1D0A2400D3807D /* SwitchScreen.swift in Sources */ = {isa = PBXBuildFile; fileRef = 61CB32981E1BBD950051790F /* SwitchScreen.swift */; };
		616FF8751E1D0A2400D3807D /* InitialController.swift in Sources */ = {isa = PBXBuildFile; fileRef = 611E7A891E15016D00966573 /* InitialController.swift */; };
		616FF8761E1D0A2400D3807D /* HtmlRender.swift in Sources */ = {isa = PBXBuildFile; fileRef = 611E7B031E1A44B600966573 /* HtmlRender.swift */; };
		616FF8771E1D0A2400D3807D /* Constants.swift in Sources */ = {isa = PBXBuildFile; fileRef = 61CB329C1E1BC0260051790F /* Constants.swift */; };
		616FF8781E1D0A2400D3807D /* QuintypeUtility.swift in Sources */ = {isa = PBXBuildFile; fileRef = 61CB32941E1BB2DA0051790F /* QuintypeUtility.swift */; };
		616FF87A1E1D0A2400D3807D /* ScreenOption.swift in Sources */ = {isa = PBXBuildFile; fileRef = 61CB329E1E1BC0670051790F /* ScreenOption.swift */; };
		616FF87B1E1D0A2400D3807D /* AppDelegate.swift in Sources */ = {isa = PBXBuildFile; fileRef = 611E7A871E15016D00966573 /* AppDelegate.swift */; };
		616FF8801E1D0A2400D3807D /* LaunchScreen.storyboard in Resources */ = {isa = PBXBuildFile; fileRef = 611E7A901E15016D00966573 /* LaunchScreen.storyboard */; };
		616FF8811E1D0A2400D3807D /* Assets.xcassets in Resources */ = {isa = PBXBuildFile; fileRef = 611E7A8E1E15016D00966573 /* Assets.xcassets */; };
		616FF88B1E1D0ADC00D3807D /* Theme.swift in Sources */ = {isa = PBXBuildFile; fileRef = 616FF8001E1D03F300D3807D /* Theme.swift */; };
		618B9C7F1E239C53003273A5 /* Storyboard.storyboard in Resources */ = {isa = PBXBuildFile; fileRef = 618B9C7E1E239C53003273A5 /* Storyboard.storyboard */; };
		618B9C811E23BA6C003273A5 /* DefaultStoryCell.swift in Sources */ = {isa = PBXBuildFile; fileRef = 618B9C801E23BA6C003273A5 /* DefaultStoryCell.swift */; };
		6198BA641E1F66C50048731C /* BaseController.swift in Sources */ = {isa = PBXBuildFile; fileRef = 6198BA631E1F66C50048731C /* BaseController.swift */; };
		6198BA671E1F9A160048731C /* Ancher.swift in Sources */ = {isa = PBXBuildFile; fileRef = 6198BA661E1F9A160048731C /* Ancher.swift */; };
		6198BA6C1E1FA1D90048731C /* HeaderCollectionCell.swift in Sources */ = {isa = PBXBuildFile; fileRef = 6198BA6B1E1FA1D90048731C /* HeaderCollectionCell.swift */; };
		61CB32931E1BAFE10051790F /* HomeController.swift in Sources */ = {isa = PBXBuildFile; fileRef = 61CB32921E1BAFE10051790F /* HomeController.swift */; };
		61CB32951E1BB2DA0051790F /* QuintypeUtility.swift in Sources */ = {isa = PBXBuildFile; fileRef = 61CB32941E1BB2DA0051790F /* QuintypeUtility.swift */; };
		61CB32991E1BBD950051790F /* SwitchScreen.swift in Sources */ = {isa = PBXBuildFile; fileRef = 61CB32981E1BBD950051790F /* SwitchScreen.swift */; };
		61CB329D1E1BC0260051790F /* Constants.swift in Sources */ = {isa = PBXBuildFile; fileRef = 61CB329C1E1BC0260051790F /* Constants.swift */; };
		61CB329F1E1BC0670051790F /* ScreenOption.swift in Sources */ = {isa = PBXBuildFile; fileRef = 61CB329E1E1BC0670051790F /* ScreenOption.swift */; };
		61D5EFF61E24E23A002343F3 /* HomeLayout.swift in Sources */ = {isa = PBXBuildFile; fileRef = 61D5EFF51E24E23A002343F3 /* HomeLayout.swift */; };
		61FA3A961E2385C7007BDBA8 /* BaseCollectionCell.swift in Sources */ = {isa = PBXBuildFile; fileRef = 61FA3A951E2385C7007BDBA8 /* BaseCollectionCell.swift */; };
		70ADEE1954A9922DF7E47B50 /* Pods_DemoApp_iOS.framework in Frameworks */ = {isa = PBXBuildFile; fileRef = 232AE8E1B7E95F6D07C027BD /* Pods_DemoApp_iOS.framework */; };
		9679BF3FAED37A1F03D89E51 /* Pods_Test_DemoApp.framework in Frameworks */ = {isa = PBXBuildFile; fileRef = BC538F042D4EE89727A61D50 /* Pods_Test_DemoApp.framework */; };
		A614800A980D4A548BDC05C1 /* Pods_DemoApp_iOS.framework in Frameworks */ = {isa = PBXBuildFile; fileRef = 17A756AA5A8E9B5627C6B517 /* Pods_DemoApp_iOS.framework */; };
/* End PBXBuildFile section */

/* Begin PBXFileReference section */
		0C6DE4E06C84088A5568AC05 /* Pods-DemoApp-iOS.debug.xcconfig */ = {isa = PBXFileReference; includeInIndex = 1; lastKnownFileType = text.xcconfig; name = "Pods-DemoApp-iOS.debug.xcconfig"; path = "Pods/Target Support Files/Pods-DemoApp-iOS/Pods-DemoApp-iOS.debug.xcconfig"; sourceTree = "<group>"; };
		17A756AA5A8E9B5627C6B517 /* Pods_DemoApp_iOS.framework */ = {isa = PBXFileReference; explicitFileType = wrapper.framework; includeInIndex = 0; path = Pods_DemoApp_iOS.framework; sourceTree = BUILT_PRODUCTS_DIR; };
		232AE8E1B7E95F6D07C027BD /* Pods_DemoApp_iOS.framework */ = {isa = PBXFileReference; explicitFileType = wrapper.framework; includeInIndex = 0; path = Pods_DemoApp_iOS.framework; sourceTree = BUILT_PRODUCTS_DIR; };
		41574974A526BE19E2003F56 /* Pods-Test-DemoApp.release.xcconfig */ = {isa = PBXFileReference; includeInIndex = 1; lastKnownFileType = text.xcconfig; name = "Pods-Test-DemoApp.release.xcconfig"; path = "Pods/Target Support Files/Pods-Test-DemoApp/Pods-Test-DemoApp.release.xcconfig"; sourceTree = "<group>"; };
		494738E11ADC6B7176603EAB /* Pods-Test-DemoApp.debug.xcconfig */ = {isa = PBXFileReference; includeInIndex = 1; lastKnownFileType = text.xcconfig; name = "Pods-Test-DemoApp.debug.xcconfig"; path = "Pods/Target Support Files/Pods-Test-DemoApp/Pods-Test-DemoApp.debug.xcconfig"; sourceTree = "<group>"; };
		611E7A841E15016D00966573 /* DemoApp-iOS.app */ = {isa = PBXFileReference; explicitFileType = wrapper.application; includeInIndex = 0; path = "DemoApp-iOS.app"; sourceTree = BUILT_PRODUCTS_DIR; };
		611E7A871E15016D00966573 /* AppDelegate.swift */ = {isa = PBXFileReference; lastKnownFileType = sourcecode.swift; path = AppDelegate.swift; sourceTree = "<group>"; };
		611E7A891E15016D00966573 /* InitialController.swift */ = {isa = PBXFileReference; lastKnownFileType = sourcecode.swift; path = InitialController.swift; sourceTree = "<group>"; };
		611E7A8E1E15016D00966573 /* Assets.xcassets */ = {isa = PBXFileReference; lastKnownFileType = folder.assetcatalog; path = Assets.xcassets; sourceTree = "<group>"; };
		611E7A911E15016D00966573 /* Base */ = {isa = PBXFileReference; lastKnownFileType = file.storyboard; name = Base; path = Base.lproj/LaunchScreen.storyboard; sourceTree = "<group>"; };
		611E7A931E15016D00966573 /* Info.plist */ = {isa = PBXFileReference; lastKnownFileType = text.plist.xml; path = Info.plist; sourceTree = "<group>"; };
		611E7B031E1A44B600966573 /* HtmlRender.swift */ = {isa = PBXFileReference; fileEncoding = 4; lastKnownFileType = sourcecode.swift; path = HtmlRender.swift; sourceTree = "<group>"; };
		616FF7F31E1CD7BB00D3807D /* CustomTabBarController.swift */ = {isa = PBXFileReference; fileEncoding = 4; lastKnownFileType = sourcecode.swift; path = CustomTabBarController.swift; sourceTree = "<group>"; };
		616FF8001E1D03F300D3807D /* Theme.swift */ = {isa = PBXFileReference; fileEncoding = 4; lastKnownFileType = sourcecode.swift; name = Theme.swift; path = "../../DemoApp-iOS/Test/Theme.swift"; sourceTree = "<group>"; };
		616FF8531E1D07A200D3807D /* Theme.swift */ = {isa = PBXFileReference; explicitFileType = sourcecode.swift; fileEncoding = 4; name = Theme.swift; path = "/Users/Albi/Documents/DemoApp-iOS/Publishers/Test/Theme.swift"; sourceTree = "<absolute>"; };
		616FF85E1E1D086600D3807D /* Pods_DemoApp_iOS.framework */ = {isa = PBXFileReference; lastKnownFileType = wrapper.framework; name = Pods_DemoApp_iOS.framework; path = "../../Library/Developer/Xcode/DerivedData/DemoApp-iOS-aqhxprsdggzegadecuwtoqslolxy/Build/Products/Debug-iphonesimulator/Pods_DemoApp_iOS.framework"; sourceTree = "<group>"; };
		616FF86A1E1D08DF00D3807D /* Quintype.framework */ = {isa = PBXFileReference; lastKnownFileType = wrapper.framework; name = Quintype.framework; path = "../../Library/Developer/Xcode/DerivedData/DemoApp-iOS-aqhxprsdggzegadecuwtoqslolxy/Build/Products/Debug-iphonesimulator/Quintype/Quintype.framework"; sourceTree = "<group>"; };
		616FF8871E1D0A2400D3807D /* Test-DemoApp.app */ = {isa = PBXFileReference; explicitFileType = wrapper.application; includeInIndex = 0; path = "Test-DemoApp.app"; sourceTree = BUILT_PRODUCTS_DIR; };
		616FF8881E1D0A2400D3807D /* DemoApp-iOS copy-Info.plist */ = {isa = PBXFileReference; lastKnownFileType = text.plist.xml; name = "DemoApp-iOS copy-Info.plist"; path = "/Users/Albi/Documents/DemoApp-iOS/DemoApp-iOS copy-Info.plist"; sourceTree = "<absolute>"; };
		618B9C7E1E239C53003273A5 /* Storyboard.storyboard */ = {isa = PBXFileReference; fileEncoding = 4; lastKnownFileType = file.storyboard; path = Storyboard.storyboard; sourceTree = "<group>"; };
		618B9C801E23BA6C003273A5 /* DefaultStoryCell.swift */ = {isa = PBXFileReference; fileEncoding = 4; lastKnownFileType = sourcecode.swift; path = DefaultStoryCell.swift; sourceTree = "<group>"; };
		6198BA631E1F66C50048731C /* BaseController.swift */ = {isa = PBXFileReference; fileEncoding = 4; lastKnownFileType = sourcecode.swift; path = BaseController.swift; sourceTree = "<group>"; };
		6198BA661E1F9A160048731C /* Ancher.swift */ = {isa = PBXFileReference; fileEncoding = 4; lastKnownFileType = sourcecode.swift; path = Ancher.swift; sourceTree = "<group>"; };
		6198BA6B1E1FA1D90048731C /* HeaderCollectionCell.swift */ = {isa = PBXFileReference; fileEncoding = 4; lastKnownFileType = sourcecode.swift; path = HeaderCollectionCell.swift; sourceTree = "<group>"; };
		61CB32921E1BAFE10051790F /* HomeController.swift */ = {isa = PBXFileReference; fileEncoding = 4; lastKnownFileType = sourcecode.swift; path = HomeController.swift; sourceTree = "<group>"; };
		61CB32941E1BB2DA0051790F /* QuintypeUtility.swift */ = {isa = PBXFileReference; fileEncoding = 4; lastKnownFileType = sourcecode.swift; path = QuintypeUtility.swift; sourceTree = "<group>"; };
		61CB32981E1BBD950051790F /* SwitchScreen.swift */ = {isa = PBXFileReference; fileEncoding = 4; lastKnownFileType = sourcecode.swift; path = SwitchScreen.swift; sourceTree = "<group>"; };
		61CB329C1E1BC0260051790F /* Constants.swift */ = {isa = PBXFileReference; fileEncoding = 4; lastKnownFileType = sourcecode.swift; path = Constants.swift; sourceTree = "<group>"; };
		61CB329E1E1BC0670051790F /* ScreenOption.swift */ = {isa = PBXFileReference; fileEncoding = 4; lastKnownFileType = sourcecode.swift; path = ScreenOption.swift; sourceTree = "<group>"; };
		61D5EFF51E24E23A002343F3 /* HomeLayout.swift */ = {isa = PBXFileReference; fileEncoding = 4; lastKnownFileType = sourcecode.swift; path = HomeLayout.swift; sourceTree = "<group>"; };
		61FA3A951E2385C7007BDBA8 /* BaseCollectionCell.swift */ = {isa = PBXFileReference; fileEncoding = 4; lastKnownFileType = sourcecode.swift; path = BaseCollectionCell.swift; sourceTree = "<group>"; };
		625F327DB53158F45968529D /* Pods-DemoApp-iOS.debug.xcconfig */ = {isa = PBXFileReference; includeInIndex = 1; lastKnownFileType = text.xcconfig; name = "Pods-DemoApp-iOS.debug.xcconfig"; path = "Pods/Target Support Files/Pods-DemoApp-iOS/Pods-DemoApp-iOS.debug.xcconfig"; sourceTree = "<group>"; };
		B07F3A0F753B003BA94C0BE1 /* Pods-DemoApp-iOS.release.xcconfig */ = {isa = PBXFileReference; includeInIndex = 1; lastKnownFileType = text.xcconfig; name = "Pods-DemoApp-iOS.release.xcconfig"; path = "Pods/Target Support Files/Pods-DemoApp-iOS/Pods-DemoApp-iOS.release.xcconfig"; sourceTree = "<group>"; };
		B1BC7C14D9EB48C0CF0C0D16 /* Pods_DemoApp_iOS.framework */ = {isa = PBXFileReference; explicitFileType = wrapper.framework; includeInIndex = 0; path = Pods_DemoApp_iOS.framework; sourceTree = BUILT_PRODUCTS_DIR; };
		B7B37F35612B32F018C061D6 /* Pods-DemoApp-iOS.release.xcconfig */ = {isa = PBXFileReference; includeInIndex = 1; lastKnownFileType = text.xcconfig; name = "Pods-DemoApp-iOS.release.xcconfig"; path = "Pods/Target Support Files/Pods-DemoApp-iOS/Pods-DemoApp-iOS.release.xcconfig"; sourceTree = "<group>"; };
		BC538F042D4EE89727A61D50 /* Pods_Test_DemoApp.framework */ = {isa = PBXFileReference; explicitFileType = wrapper.framework; includeInIndex = 0; path = Pods_Test_DemoApp.framework; sourceTree = BUILT_PRODUCTS_DIR; };
/* End PBXFileReference section */

/* Begin PBXFrameworksBuildPhase section */
		611E7A811E15016D00966573 /* Frameworks */ = {
			isa = PBXFrameworksBuildPhase;
			buildActionMask = 2147483647;
			files = (
				A614800A980D4A548BDC05C1 /* Pods_DemoApp_iOS.framework in Frameworks */,
				70ADEE1954A9922DF7E47B50 /* Pods_DemoApp_iOS.framework in Frameworks */,
				5E0B86E65966E4B25EC07C8C /* Pods_DemoApp_iOS.framework in Frameworks */,
			);
			runOnlyForDeploymentPostprocessing = 0;
		};
		616FF87C1E1D0A2400D3807D /* Frameworks */ = {
			isa = PBXFrameworksBuildPhase;
			buildActionMask = 2147483647;
			files = (
				9679BF3FAED37A1F03D89E51 /* Pods_Test_DemoApp.framework in Frameworks */,
			);
			runOnlyForDeploymentPostprocessing = 0;
		};
/* End PBXFrameworksBuildPhase section */

/* Begin PBXGroup section */
		0CDD7D68E7CE211FC46D70B7 /* Pods */ = {
			isa = PBXGroup;
			children = (
				0C6DE4E06C84088A5568AC05 /* Pods-DemoApp-iOS.debug.xcconfig */,
				B07F3A0F753B003BA94C0BE1 /* Pods-DemoApp-iOS.release.xcconfig */,
			);
			name = Pods;
			path = ..;
			sourceTree = "<group>";
		};
		611E7A7B1E15016D00966573 = {
			isa = PBXGroup;
			children = (
				618B9C7E1E239C53003273A5 /* Storyboard.storyboard */,
				611E7A861E15016D00966573 /* DemoApp-iOS */,
				616FF8511E1D074D00D3807D /* Test */,
				616FF8881E1D0A2400D3807D /* DemoApp-iOS copy-Info.plist */,
				8C7A6AD1E1114CAD9BE11F9C /* Pods */,
				75783A967292EB23400B715E /* Frameworks */,
			);
			sourceTree = "<group>";
		};
		611E7A851E15016D00966573 /* Products */ = {
			isa = PBXGroup;
			children = (
				611E7A841E15016D00966573 /* DemoApp-iOS.app */,
				616FF8871E1D0A2400D3807D /* Test-DemoApp.app */,
			);
			name = Products;
			path = ..;
			sourceTree = "<group>";
		};
		611E7A861E15016D00966573 /* DemoApp-iOS */ = {
			isa = PBXGroup;
			children = (
				61FA3A921E238583007BDBA8 /* BaseComponents */,
				616FF8521E1D076200D3807D /* DefaultThemes */,
				616FF7F21E1CD79900D3807D /* Tabar */,
				611E7AFD1E15270000966573 /* ViewController */,
				611E7AFE1E152FD600966573 /* Extensions */,
				611E7AFC1E15248E00966573 /* Helpers */,
				611E7AFB1E15248600966573 /* Fonts */,
				611E7A991E1501B300966573 /* SystemFiles */,
				616FF85D1E1D086600D3807D /* Frameworks */,
				0CDD7D68E7CE211FC46D70B7 /* Pods */,
			);
			path = "DemoApp-iOS";
			sourceTree = "<group>";
		};
		611E7A991E1501B300966573 /* SystemFiles */ = {
			isa = PBXGroup;
			children = (
				81C535FFF4478C399C0A25E9 /* Pods */,
				611E7A851E15016D00966573 /* Products */,
				DDAEC786A2241D547E7D4E94 /* Frameworks */,
				611E7A931E15016D00966573 /* Info.plist */,
				611E7A901E15016D00966573 /* LaunchScreen.storyboard */,
				611E7A871E15016D00966573 /* AppDelegate.swift */,
				611E7A8E1E15016D00966573 /* Assets.xcassets */,
			);
			name = SystemFiles;
			sourceTree = "<group>";
		};
		611E7AFB1E15248600966573 /* Fonts */ = {
			isa = PBXGroup;
			children = (
			);
			name = Fonts;
			sourceTree = "<group>";
		};
		611E7AFC1E15248E00966573 /* Helpers */ = {
			isa = PBXGroup;
			children = (
				61CB32971E1BBD7D0051790F /* Screen */,
				61CB32961E1BBD6E0051790F /* Utility */,
			);
			name = Helpers;
			sourceTree = "<group>";
		};
		611E7AFD1E15270000966573 /* ViewController */ = {
			isa = PBXGroup;
			children = (
				611E7B021E1650E200966573 /* Initial */,
				61CB328F1E1BAFB80051790F /* Home */,
			);
			name = ViewController;
			sourceTree = "<group>";
		};
		611E7AFE1E152FD600966573 /* Extensions */ = {
			isa = PBXGroup;
			children = (
				611E7B031E1A44B600966573 /* HtmlRender.swift */,
				6198BA661E1F9A160048731C /* Ancher.swift */,
			);
			name = Extensions;
			sourceTree = "<group>";
		};
		611E7B021E1650E200966573 /* Initial */ = {
			isa = PBXGroup;
			children = (
				611E7A891E15016D00966573 /* InitialController.swift */,
			);
			name = Initial;
			sourceTree = "<group>";
		};
		616FF7F21E1CD79900D3807D /* Tabar */ = {
			isa = PBXGroup;
			children = (
				616FF7F31E1CD7BB00D3807D /* CustomTabBarController.swift */,
			);
			name = Tabar;
			sourceTree = "<group>";
		};
		616FF8511E1D074D00D3807D /* Test */ = {
			isa = PBXGroup;
			children = (
				616FF8001E1D03F300D3807D /* Theme.swift */,
			);
			name = Test;
			path = Publishers/Test;
			sourceTree = "<group>";
		};
		616FF8521E1D076200D3807D /* DefaultThemes */ = {
			isa = PBXGroup;
			children = (
				616FF8531E1D07A200D3807D /* Theme.swift */,
			);
			name = DefaultThemes;
			sourceTree = "<group>";
		};
		616FF85D1E1D086600D3807D /* Frameworks */ = {
			isa = PBXGroup;
			children = (
				616FF86A1E1D08DF00D3807D /* Quintype.framework */,
				616FF85E1E1D086600D3807D /* Pods_DemoApp_iOS.framework */,
				232AE8E1B7E95F6D07C027BD /* Pods_DemoApp_iOS.framework */,
			);
			name = Frameworks;
			path = ..;
			sourceTree = "<group>";
		};
		6198BA681E1FA19A0048731C /* Cells */ = {
			isa = PBXGroup;
			children = (
				6198BA6B1E1FA1D90048731C /* HeaderCollectionCell.swift */,
				618B9C801E23BA6C003273A5 /* DefaultStoryCell.swift */,
			);
			name = Cells;
			sourceTree = "<group>";
		};
		61CB328F1E1BAFB80051790F /* Home */ = {
			isa = PBXGroup;
			children = (
				61D5EFF41E24E223002343F3 /* LayoutOrder */,
				61CB32921E1BAFE10051790F /* HomeController.swift */,
				6198BA681E1FA19A0048731C /* Cells */,
			);
			name = Home;
			sourceTree = "<group>";
		};
		61CB32961E1BBD6E0051790F /* Utility */ = {
			isa = PBXGroup;
			children = (
				61CB32941E1BB2DA0051790F /* QuintypeUtility.swift */,
				61CB329C1E1BC0260051790F /* Constants.swift */,
			);
			name = Utility;
			sourceTree = "<group>";
		};
		61CB32971E1BBD7D0051790F /* Screen */ = {
			isa = PBXGroup;
			children = (
				61CB32981E1BBD950051790F /* SwitchScreen.swift */,
				61CB329E1E1BC0670051790F /* ScreenOption.swift */,
			);
			name = Screen;
			sourceTree = "<group>";
		};
		61D5EFF41E24E223002343F3 /* LayoutOrder */ = {
			isa = PBXGroup;
			children = (
				61D5EFF51E24E23A002343F3 /* HomeLayout.swift */,
			);
			name = LayoutOrder;
			sourceTree = "<group>";
		};
		61FA3A921E238583007BDBA8 /* BaseComponents */ = {
			isa = PBXGroup;
			children = (
				6198BA631E1F66C50048731C /* BaseController.swift */,
				61FA3A951E2385C7007BDBA8 /* BaseCollectionCell.swift */,
			);
			name = BaseComponents;
			sourceTree = "<group>";
		};
		75783A967292EB23400B715E /* Frameworks */ = {
			isa = PBXGroup;
			children = (
				B1BC7C14D9EB48C0CF0C0D16 /* Pods_DemoApp_iOS.framework */,
				BC538F042D4EE89727A61D50 /* Pods_Test_DemoApp.framework */,
			);
			name = Frameworks;
			sourceTree = "<group>";
		};
		81C535FFF4478C399C0A25E9 /* Pods */ = {
			isa = PBXGroup;
			children = (
			);
			name = Pods;
			path = ..;
			sourceTree = "<group>";
		};
		8C7A6AD1E1114CAD9BE11F9C /* Pods */ = {
			isa = PBXGroup;
			children = (
				625F327DB53158F45968529D /* Pods-DemoApp-iOS.debug.xcconfig */,
				B7B37F35612B32F018C061D6 /* Pods-DemoApp-iOS.release.xcconfig */,
				494738E11ADC6B7176603EAB /* Pods-Test-DemoApp.debug.xcconfig */,
				41574974A526BE19E2003F56 /* Pods-Test-DemoApp.release.xcconfig */,
			);
			name = Pods;
			sourceTree = "<group>";
		};
		DDAEC786A2241D547E7D4E94 /* Frameworks */ = {
			isa = PBXGroup;
			children = (
				17A756AA5A8E9B5627C6B517 /* Pods_DemoApp_iOS.framework */,
			);
			name = Frameworks;
			path = ..;
			sourceTree = "<group>";
		};
/* End PBXGroup section */

/* Begin PBXNativeTarget section */
		611E7A831E15016D00966573 /* DemoApp-iOS */ = {
			isa = PBXNativeTarget;
			buildConfigurationList = 611E7A961E15016D00966573 /* Build configuration list for PBXNativeTarget "DemoApp-iOS" */;
			buildPhases = (
				8E48B9D86C3D16D687641460 /* [CP] Check Pods Manifest.lock */,
				611E7A801E15016D00966573 /* Sources */,
				611E7A811E15016D00966573 /* Frameworks */,
				611E7A821E15016D00966573 /* Resources */,
				57827730276334DE64AF324D /* [CP] Embed Pods Frameworks */,
				A8CA65F4CB65B69A844B7442 /* [CP] Copy Pods Resources */,
			);
			buildRules = (
			);
			dependencies = (
			);
			name = "DemoApp-iOS";
			productName = "DemoApp-iOS";
			productReference = 611E7A841E15016D00966573 /* DemoApp-iOS.app */;
			productType = "com.apple.product-type.application";
		};
		616FF86E1E1D0A2400D3807D /* Test-DemoApp */ = {
			isa = PBXNativeTarget;
			buildConfigurationList = 616FF8841E1D0A2400D3807D /* Build configuration list for PBXNativeTarget "Test-DemoApp" */;
			buildPhases = (
				A40ED897B6DCCED150BA08E1 /* [CP] Check Pods Manifest.lock */,
				616FF8701E1D0A2400D3807D /* Sources */,
				616FF87C1E1D0A2400D3807D /* Frameworks */,
				616FF87E1E1D0A2400D3807D /* Resources */,
				BF734C646FD862BEA6F01641 /* [CP] Embed Pods Frameworks */,
				723E9CBCC0FFB1BB0A26FE9B /* [CP] Copy Pods Resources */,
			);
			buildRules = (
			);
			dependencies = (
			);
			name = "Test-DemoApp";
			productName = "DemoApp-iOS";
			productReference = 616FF8871E1D0A2400D3807D /* Test-DemoApp.app */;
			productType = "com.apple.product-type.application";
		};
/* End PBXNativeTarget section */

/* Begin PBXProject section */
		611E7A7C1E15016D00966573 /* Project object */ = {
			isa = PBXProject;
			attributes = {
				LastSwiftUpdateCheck = 0820;
				LastUpgradeCheck = 0820;
				ORGANIZATIONNAME = "Albin CR";
				TargetAttributes = {
					611E7A831E15016D00966573 = {
						CreatedOnToolsVersion = 8.2.1;
						DevelopmentTeam = B43HBN3RLJ;
						ProvisioningStyle = Automatic;
					};
					616FF86E1E1D0A2400D3807D = {
						DevelopmentTeam = 8AG3F685RU;
					};
				};
			};
			buildConfigurationList = 611E7A7F1E15016D00966573 /* Build configuration list for PBXProject "DemoApp-iOS" */;
			compatibilityVersion = "Xcode 3.2";
			developmentRegion = English;
			hasScannedForEncodings = 0;
			knownRegions = (
				en,
				Base,
			);
			mainGroup = 611E7A7B1E15016D00966573;
			productRefGroup = 611E7A851E15016D00966573 /* Products */;
			projectDirPath = "";
			projectRoot = "";
			targets = (
				611E7A831E15016D00966573 /* DemoApp-iOS */,
				616FF86E1E1D0A2400D3807D /* Test-DemoApp */,
			);
		};
/* End PBXProject section */

/* Begin PBXResourcesBuildPhase section */
		611E7A821E15016D00966573 /* Resources */ = {
			isa = PBXResourcesBuildPhase;
			buildActionMask = 2147483647;
			files = (
				611E7A921E15016D00966573 /* LaunchScreen.storyboard in Resources */,
				611E7AF21E150D4800966573 /* Assets.xcassets in Resources */,
				618B9C7F1E239C53003273A5 /* Storyboard.storyboard in Resources */,
			);
			runOnlyForDeploymentPostprocessing = 0;
		};
		616FF87E1E1D0A2400D3807D /* Resources */ = {
			isa = PBXResourcesBuildPhase;
			buildActionMask = 2147483647;
			files = (
				616FF8801E1D0A2400D3807D /* LaunchScreen.storyboard in Resources */,
				616FF8811E1D0A2400D3807D /* Assets.xcassets in Resources */,
			);
			runOnlyForDeploymentPostprocessing = 0;
		};
/* End PBXResourcesBuildPhase section */

/* Begin PBXShellScriptBuildPhase section */
		57827730276334DE64AF324D /* [CP] Embed Pods Frameworks */ = {
			isa = PBXShellScriptBuildPhase;
			buildActionMask = 2147483647;
			files = (
			);
			inputPaths = (
			);
			name = "[CP] Embed Pods Frameworks";
			outputPaths = (
			);
			runOnlyForDeploymentPostprocessing = 0;
			shellPath = /bin/sh;
			shellScript = "\"${SRCROOT}/Pods/Target Support Files/Pods-DemoApp-iOS/Pods-DemoApp-iOS-frameworks.sh\"\n";
			showEnvVarsInLog = 0;
		};
		723E9CBCC0FFB1BB0A26FE9B /* [CP] Copy Pods Resources */ = {
			isa = PBXShellScriptBuildPhase;
			buildActionMask = 2147483647;
			files = (
			);
			inputPaths = (
			);
			name = "[CP] Copy Pods Resources";
			outputPaths = (
			);
			runOnlyForDeploymentPostprocessing = 0;
			shellPath = /bin/sh;
			shellScript = "\"${SRCROOT}/Pods/Target Support Files/Pods-Test-DemoApp/Pods-Test-DemoApp-resources.sh\"\n";
			showEnvVarsInLog = 0;
		};
		8E48B9D86C3D16D687641460 /* [CP] Check Pods Manifest.lock */ = {
			isa = PBXShellScriptBuildPhase;
			buildActionMask = 2147483647;
			files = (
			);
			inputPaths = (
			);
			name = "[CP] Check Pods Manifest.lock";
			outputPaths = (
			);
			runOnlyForDeploymentPostprocessing = 0;
			shellPath = /bin/sh;
			shellScript = "diff \"${PODS_ROOT}/../Podfile.lock\" \"${PODS_ROOT}/Manifest.lock\" > /dev/null\nif [ $? != 0 ] ; then\n    # print error to STDERR\n    echo \"error: The sandbox is not in sync with the Podfile.lock. Run 'pod install' or update your CocoaPods installation.\" >&2\n    exit 1\nfi\n";
			showEnvVarsInLog = 0;
		};
		A40ED897B6DCCED150BA08E1 /* [CP] Check Pods Manifest.lock */ = {
			isa = PBXShellScriptBuildPhase;
			buildActionMask = 2147483647;
			files = (
			);
			inputPaths = (
			);
			name = "[CP] Check Pods Manifest.lock";
			outputPaths = (
			);
			runOnlyForDeploymentPostprocessing = 0;
			shellPath = /bin/sh;
			shellScript = "diff \"${PODS_ROOT}/../Podfile.lock\" \"${PODS_ROOT}/Manifest.lock\" > /dev/null\nif [ $? != 0 ] ; then\n    # print error to STDERR\n    echo \"error: The sandbox is not in sync with the Podfile.lock. Run 'pod install' or update your CocoaPods installation.\" >&2\n    exit 1\nfi\n";
			showEnvVarsInLog = 0;
		};
		A8CA65F4CB65B69A844B7442 /* [CP] Copy Pods Resources */ = {
			isa = PBXShellScriptBuildPhase;
			buildActionMask = 2147483647;
			files = (
			);
			inputPaths = (
			);
			name = "[CP] Copy Pods Resources";
			outputPaths = (
			);
			runOnlyForDeploymentPostprocessing = 0;
			shellPath = /bin/sh;
			shellScript = "\"${SRCROOT}/Pods/Target Support Files/Pods-DemoApp-iOS/Pods-DemoApp-iOS-resources.sh\"\n";
			showEnvVarsInLog = 0;
		};
		BF734C646FD862BEA6F01641 /* [CP] Embed Pods Frameworks */ = {
			isa = PBXShellScriptBuildPhase;
			buildActionMask = 2147483647;
			files = (
			);
			inputPaths = (
			);
			name = "[CP] Embed Pods Frameworks";
			outputPaths = (
			);
			runOnlyForDeploymentPostprocessing = 0;
			shellPath = /bin/sh;
			shellScript = "\"${SRCROOT}/Pods/Target Support Files/Pods-Test-DemoApp/Pods-Test-DemoApp-frameworks.sh\"\n";
			showEnvVarsInLog = 0;
		};
/* End PBXShellScriptBuildPhase section */

/* Begin PBXSourcesBuildPhase section */
		611E7A801E15016D00966573 /* Sources */ = {
			isa = PBXSourcesBuildPhase;
			buildActionMask = 2147483647;
			files = (
				6198BA671E1F9A160048731C /* Ancher.swift in Sources */,
				61CB32931E1BAFE10051790F /* HomeController.swift in Sources */,
				616FF7F41E1CD7BB00D3807D /* CustomTabBarController.swift in Sources */,
				61CB32991E1BBD950051790F /* SwitchScreen.swift in Sources */,
				611E7A8A1E15016D00966573 /* InitialController.swift in Sources */,
				61D5EFF61E24E23A002343F3 /* HomeLayout.swift in Sources */,
				611E7B041E1A44B600966573 /* HtmlRender.swift in Sources */,
				61FA3A961E2385C7007BDBA8 /* BaseCollectionCell.swift in Sources */,
				61CB329D1E1BC0260051790F /* Constants.swift in Sources */,
				6198BA6C1E1FA1D90048731C /* HeaderCollectionCell.swift in Sources */,
				61CB32951E1BB2DA0051790F /* QuintypeUtility.swift in Sources */,
				616FF8541E1D07A200D3807D /* Theme.swift in Sources */,
				618B9C811E23BA6C003273A5 /* DefaultStoryCell.swift in Sources */,
				61CB329F1E1BC0670051790F /* ScreenOption.swift in Sources */,
				6198BA641E1F66C50048731C /* BaseController.swift in Sources */,
				611E7A881E15016D00966573 /* AppDelegate.swift in Sources */,
			);
			runOnlyForDeploymentPostprocessing = 0;
		};
		616FF8701E1D0A2400D3807D /* Sources */ = {
			isa = PBXSourcesBuildPhase;
			buildActionMask = 2147483647;
			files = (
				616FF8711E1D0A2400D3807D /* HomeController.swift in Sources */,
				616FF8731E1D0A2400D3807D /* CustomTabBarController.swift in Sources */,
				616FF8741E1D0A2400D3807D /* SwitchScreen.swift in Sources */,
				616FF8751E1D0A2400D3807D /* InitialController.swift in Sources */,
				616FF8761E1D0A2400D3807D /* HtmlRender.swift in Sources */,
				616FF8771E1D0A2400D3807D /* Constants.swift in Sources */,
				616FF8781E1D0A2400D3807D /* QuintypeUtility.swift in Sources */,
				616FF88B1E1D0ADC00D3807D /* Theme.swift in Sources */,
				616FF87A1E1D0A2400D3807D /* ScreenOption.swift in Sources */,
				616FF87B1E1D0A2400D3807D /* AppDelegate.swift in Sources */,
			);
			runOnlyForDeploymentPostprocessing = 0;
		};
/* End PBXSourcesBuildPhase section */

/* Begin PBXVariantGroup section */
		611E7A901E15016D00966573 /* LaunchScreen.storyboard */ = {
			isa = PBXVariantGroup;
			children = (
				611E7A911E15016D00966573 /* Base */,
			);
			name = LaunchScreen.storyboard;
			sourceTree = "<group>";
		};
/* End PBXVariantGroup section */

/* Begin XCBuildConfiguration section */
		611E7A941E15016D00966573 /* Debug */ = {
			isa = XCBuildConfiguration;
			buildSettings = {
				ALWAYS_SEARCH_USER_PATHS = NO;
				CLANG_ANALYZER_NONNULL = YES;
				CLANG_CXX_LANGUAGE_STANDARD = "gnu++0x";
				CLANG_CXX_LIBRARY = "libc++";
				CLANG_ENABLE_MODULES = YES;
				CLANG_ENABLE_OBJC_ARC = YES;
				CLANG_WARN_BOOL_CONVERSION = YES;
				CLANG_WARN_CONSTANT_CONVERSION = YES;
				CLANG_WARN_DIRECT_OBJC_ISA_USAGE = YES_ERROR;
				CLANG_WARN_DOCUMENTATION_COMMENTS = YES;
				CLANG_WARN_EMPTY_BODY = YES;
				CLANG_WARN_ENUM_CONVERSION = YES;
				CLANG_WARN_INFINITE_RECURSION = YES;
				CLANG_WARN_INT_CONVERSION = YES;
				CLANG_WARN_OBJC_ROOT_CLASS = YES_ERROR;
				CLANG_WARN_SUSPICIOUS_MOVE = YES;
				CLANG_WARN_UNREACHABLE_CODE = YES;
				CLANG_WARN__DUPLICATE_METHOD_MATCH = YES;
				"CODE_SIGN_IDENTITY[sdk=iphoneos*]" = "iPhone Developer";
				COPY_PHASE_STRIP = NO;
				DEBUG_INFORMATION_FORMAT = dwarf;
				ENABLE_STRICT_OBJC_MSGSEND = YES;
				ENABLE_TESTABILITY = YES;
				GCC_C_LANGUAGE_STANDARD = gnu99;
				GCC_DYNAMIC_NO_PIC = NO;
				GCC_NO_COMMON_BLOCKS = YES;
				GCC_OPTIMIZATION_LEVEL = 0;
				GCC_PREPROCESSOR_DEFINITIONS = (
					"DEBUG=1",
					"$(inherited)",
				);
				GCC_WARN_64_TO_32_BIT_CONVERSION = YES;
				GCC_WARN_ABOUT_RETURN_TYPE = YES_ERROR;
				GCC_WARN_UNDECLARED_SELECTOR = YES;
				GCC_WARN_UNINITIALIZED_AUTOS = YES_AGGRESSIVE;
				GCC_WARN_UNUSED_FUNCTION = YES;
				GCC_WARN_UNUSED_VARIABLE = YES;
				IPHONEOS_DEPLOYMENT_TARGET = 10.2;
				MTL_ENABLE_DEBUG_INFO = YES;
				ONLY_ACTIVE_ARCH = YES;
				SDKROOT = iphoneos;
				SWIFT_ACTIVE_COMPILATION_CONDITIONS = DEBUG;
				SWIFT_OPTIMIZATION_LEVEL = "-Onone";
				TARGETED_DEVICE_FAMILY = "1,2";
			};
			name = Debug;
		};
		611E7A951E15016D00966573 /* Release */ = {
			isa = XCBuildConfiguration;
			buildSettings = {
				ALWAYS_SEARCH_USER_PATHS = NO;
				CLANG_ANALYZER_NONNULL = YES;
				CLANG_CXX_LANGUAGE_STANDARD = "gnu++0x";
				CLANG_CXX_LIBRARY = "libc++";
				CLANG_ENABLE_MODULES = YES;
				CLANG_ENABLE_OBJC_ARC = YES;
				CLANG_WARN_BOOL_CONVERSION = YES;
				CLANG_WARN_CONSTANT_CONVERSION = YES;
				CLANG_WARN_DIRECT_OBJC_ISA_USAGE = YES_ERROR;
				CLANG_WARN_DOCUMENTATION_COMMENTS = YES;
				CLANG_WARN_EMPTY_BODY = YES;
				CLANG_WARN_ENUM_CONVERSION = YES;
				CLANG_WARN_INFINITE_RECURSION = YES;
				CLANG_WARN_INT_CONVERSION = YES;
				CLANG_WARN_OBJC_ROOT_CLASS = YES_ERROR;
				CLANG_WARN_SUSPICIOUS_MOVE = YES;
				CLANG_WARN_UNREACHABLE_CODE = YES;
				CLANG_WARN__DUPLICATE_METHOD_MATCH = YES;
				"CODE_SIGN_IDENTITY[sdk=iphoneos*]" = "iPhone Developer";
				COPY_PHASE_STRIP = NO;
				DEBUG_INFORMATION_FORMAT = "dwarf-with-dsym";
				ENABLE_NS_ASSERTIONS = NO;
				ENABLE_STRICT_OBJC_MSGSEND = YES;
				GCC_C_LANGUAGE_STANDARD = gnu99;
				GCC_NO_COMMON_BLOCKS = YES;
				GCC_WARN_64_TO_32_BIT_CONVERSION = YES;
				GCC_WARN_ABOUT_RETURN_TYPE = YES_ERROR;
				GCC_WARN_UNDECLARED_SELECTOR = YES;
				GCC_WARN_UNINITIALIZED_AUTOS = YES_AGGRESSIVE;
				GCC_WARN_UNUSED_FUNCTION = YES;
				GCC_WARN_UNUSED_VARIABLE = YES;
				IPHONEOS_DEPLOYMENT_TARGET = 10.2;
				MTL_ENABLE_DEBUG_INFO = NO;
				SDKROOT = iphoneos;
				SWIFT_OPTIMIZATION_LEVEL = "-Owholemodule";
				TARGETED_DEVICE_FAMILY = "1,2";
				VALIDATE_PRODUCT = YES;
			};
			name = Release;
		};
		611E7A971E15016D00966573 /* Debug */ = {
			isa = XCBuildConfiguration;
			baseConfigurationReference = 0C6DE4E06C84088A5568AC05 /* Pods-DemoApp-iOS.debug.xcconfig */;
			buildSettings = {
				ALWAYS_EMBED_SWIFT_STANDARD_LIBRARIES = YES;
				ASSETCATALOG_COMPILER_APPICON_NAME = AppIcon;
				CODE_SIGN_IDENTITY = "iPhone Developer";
				DEVELOPMENT_TEAM = B43HBN3RLJ;
				INFOPLIST_FILE = "DemoApp-iOS/Info.plist";
				IPHONEOS_DEPLOYMENT_TARGET = 9.3;
				LD_RUNPATH_SEARCH_PATHS = "$(inherited) @executable_path/Frameworks";
				PRODUCT_BUNDLE_IDENTIFIER = "creation.DemoApp-iOS";
				PRODUCT_NAME = "$(TARGET_NAME)";
				PROVISIONING_PROFILE = "";
				SWIFT_VERSION = 3.0;
				TARGETED_DEVICE_FAMILY = "1,2";
			};
			name = Debug;
		};
		611E7A981E15016D00966573 /* Release */ = {
			isa = XCBuildConfiguration;
			baseConfigurationReference = B07F3A0F753B003BA94C0BE1 /* Pods-DemoApp-iOS.release.xcconfig */;
			buildSettings = {
				ALWAYS_EMBED_SWIFT_STANDARD_LIBRARIES = YES;
				ASSETCATALOG_COMPILER_APPICON_NAME = AppIcon;
				CODE_SIGN_IDENTITY = "iPhone Developer";
				DEVELOPMENT_TEAM = B43HBN3RLJ;
				INFOPLIST_FILE = "DemoApp-iOS/Info.plist";
				IPHONEOS_DEPLOYMENT_TARGET = 9.3;
				LD_RUNPATH_SEARCH_PATHS = "$(inherited) @executable_path/Frameworks";
				PRODUCT_BUNDLE_IDENTIFIER = "creation.DemoApp-iOS";
				PRODUCT_NAME = "$(TARGET_NAME)";
				PROVISIONING_PROFILE = "";
				SWIFT_VERSION = 3.0;
				TARGETED_DEVICE_FAMILY = "1,2";
			};
			name = Release;
		};
		616FF8851E1D0A2400D3807D /* Debug */ = {
			isa = XCBuildConfiguration;
			baseConfigurationReference = 494738E11ADC6B7176603EAB /* Pods-Test-DemoApp.debug.xcconfig */;
			buildSettings = {
				ALWAYS_EMBED_SWIFT_STANDARD_LIBRARIES = YES;
				ASSETCATALOG_COMPILER_APPICON_NAME = AppIcon;
				DEVELOPMENT_TEAM = 8AG3F685RU;
				INFOPLIST_FILE = "DemoApp-iOS copy-Info.plist";
				IPHONEOS_DEPLOYMENT_TARGET = 9.3;
				LD_RUNPATH_SEARCH_PATHS = "$(inherited) @executable_path/Frameworks";
				PRODUCT_BUNDLE_IDENTIFIER = "creation.DemoApp-iOS";
				PRODUCT_NAME = "$(TARGET_NAME)";
				SWIFT_VERSION = 3.0;
				TARGETED_DEVICE_FAMILY = "1,2";
			};
			name = Debug;
		};
		616FF8861E1D0A2400D3807D /* Release */ = {
			isa = XCBuildConfiguration;
			baseConfigurationReference = 41574974A526BE19E2003F56 /* Pods-Test-DemoApp.release.xcconfig */;
			buildSettings = {
				ALWAYS_EMBED_SWIFT_STANDARD_LIBRARIES = YES;
				ASSETCATALOG_COMPILER_APPICON_NAME = AppIcon;
				DEVELOPMENT_TEAM = 8AG3F685RU;
				INFOPLIST_FILE = "DemoApp-iOS copy-Info.plist";
				IPHONEOS_DEPLOYMENT_TARGET = 9.3;
				LD_RUNPATH_SEARCH_PATHS = "$(inherited) @executable_path/Frameworks";
				PRODUCT_BUNDLE_IDENTIFIER = "creation.DemoApp-iOS";
				PRODUCT_NAME = "$(TARGET_NAME)";
				SWIFT_VERSION = 3.0;
				TARGETED_DEVICE_FAMILY = "1,2";
			};
			name = Release;
		};
/* End XCBuildConfiguration section */

/* Begin XCConfigurationList section */
		611E7A7F1E15016D00966573 /* Build configuration list for PBXProject "DemoApp-iOS" */ = {
			isa = XCConfigurationList;
			buildConfigurations = (
				611E7A941E15016D00966573 /* Debug */,
				611E7A951E15016D00966573 /* Release */,
			);
			defaultConfigurationIsVisible = 0;
			defaultConfigurationName = Release;
		};
		611E7A961E15016D00966573 /* Build configuration list for PBXNativeTarget "DemoApp-iOS" */ = {
			isa = XCConfigurationList;
			buildConfigurations = (
				611E7A971E15016D00966573 /* Debug */,
				611E7A981E15016D00966573 /* Release */,
			);
			defaultConfigurationIsVisible = 0;
			defaultConfigurationName = Release;
		};
		616FF8841E1D0A2400D3807D /* Build configuration list for PBXNativeTarget "Test-DemoApp" */ = {
			isa = XCConfigurationList;
			buildConfigurations = (
				616FF8851E1D0A2400D3807D /* Debug */,
				616FF8861E1D0A2400D3807D /* Release */,
			);
			defaultConfigurationIsVisible = 0;
			defaultConfigurationName = Release;
		};
/* End XCConfigurationList section */
	};
	rootObject = 611E7A7C1E15016D00966573 /* Project object */;
}
